version = 1
requires-python = ">=3.10"

[[package]]
name = "click"
version = "8.1.8"
source = { registry = "https://pypi.org/simple" }
dependencies = [
    { name = "colorama", marker = "sys_platform == 'win32'" },
]
sdist = { url = "https://files.pythonhosted.org/packages/b9/2e/0090cbf739cee7d23781ad4b89a9894a41538e4fcf4c31dcdd705b78eb8b/click-8.1.8.tar.gz", hash = "sha256:ed53c9d8990d83c2a27deae68e4ee337473f6330c040a31d4225c9574d16096a", size = 226593 }
wheels = [
    { url = "https://files.pythonhosted.org/packages/7e/d4/7ebdbd03970677812aac39c869717059dbb71a4cfc033ca6e5221787892c/click-8.1.8-py3-none-any.whl", hash = "sha256:63c132bbbed01578a06712a2d1f497bb62d9c1c0d329b7903a866228027263b2", size = 98188 },
]

[[package]]
name = "colorama"
version = "0.4.6"
source = { registry = "https://pypi.org/simple" }
sdist = { url = "https://files.pythonhosted.org/packages/d8/53/6f443c9a4a8358a93a6792e2acffb9d9d5cb0a5cfd8802644b7b1c9a02e4/colorama-0.4.6.tar.gz", hash = "sha256:08695f5cb7ed6e0531a20572697297273c47b8cae5a63ffc6d6ed5c201be6e44", size = 27697 }
wheels = [
    { url = "https://files.pythonhosted.org/packages/d1/d6/3965ed04c63042e047cb6a3e6ed1a63a35087b6a609aa3a15ed8ac56c221/colorama-0.4.6-py2.py3-none-any.whl", hash = "sha256:4f1d9991f5acc0ca119f9d443620b77f9d6b33703e51011c16baf57afb285fc6", size = 25335 },
]

[[package]]
name = "exceptiongroup"
version = "1.2.2"
source = { registry = "https://pypi.org/simple" }
sdist = { url = "https://files.pythonhosted.org/packages/09/35/2495c4ac46b980e4ca1f6ad6db102322ef3ad2410b79fdde159a4b0f3b92/exceptiongroup-1.2.2.tar.gz", hash = "sha256:47c2edf7c6738fafb49fd34290706d1a1a2f4d1c6df275526b62cbb4aa5393cc", size = 28883 }
wheels = [
    { url = "https://files.pythonhosted.org/packages/02/cc/b7e31358aac6ed1ef2bb790a9746ac2c69bcb3c8588b41616914eb106eaf/exceptiongroup-1.2.2-py3-none-any.whl", hash = "sha256:3111b9d131c238bec2f8f516e123e14ba243563fb135d3fe885990585aa7795b", size = 16453 },
]

[[package]]
name = "grimp"
version = "3.5"
source = { registry = "https://pypi.org/simple" }
dependencies = [
    { name = "typing-extensions" },
]
sdist = { url = "https://files.pythonhosted.org/packages/df/bd/4f919930f4b9c89a6d6905e4e8e4f11aa2489e385064501ff191c7b7d9cb/grimp-3.5.tar.gz", hash = "sha256:dc9560aed1d82222b361fe5f312a775b15a96b9237670f3a9fb20f44d30d5762", size = 833830 }
wheels = [
    { url = "https://files.pythonhosted.org/packages/05/6b/d0323289dd9300313bf0555a59659c69e723434b0b3b49c115ab30bd7585/grimp-3.5-cp310-cp310-macosx_10_12_x86_64.whl", hash = "sha256:73538d288752ea7b10fdfd05406a1c1507531b5763ad97994cd1646283112d93", size = 352477 },
    { url = "https://files.pythonhosted.org/packages/ba/dd/c975bb50f01ae581887d5c84aa371fd211d0a6643598a66fa459a8fc5c0d/grimp-3.5-cp310-cp310-macosx_11_0_arm64.whl", hash = "sha256:8c2f4a16626b6de9f5ea6e87e685e5810be7712461ef29260c67b5b868f64ae5", size = 343436 },
    { url = "https://files.pythonhosted.org/packages/66/10/e830b26e1001d9eb66d68e02ad786f40940d72026da957569e15887fb46a/grimp-3.5-cp310-cp310-manylinux_2_17_aarch64.manylinux2014_aarch64.whl", hash = "sha256:b5d495c9d527535872d78dfbc0f74f2650ad6b13e12f7d8b11da9d91ebaf2bda", size = 400339 },
    { url = "https://files.pythonhosted.org/packages/97/a9/8bb8a78c4d60305360b067ee7330a4bc98b987c9e63959da00fb15b0d04c/grimp-3.5-cp310-cp310-manylinux_2_17_armv7l.manylinux2014_armv7l.whl", hash = "sha256:b2ea1402221bf00dee7ae5357ef549151b1ad213a892cfe734b7156413d99a38", size = 406324 },
    { url = "https://files.pythonhosted.org/packages/20/b9/74145048d39295f680594ff62c8d5125e47282e589843e31d96b0106269b/grimp-3.5-cp310-cp310-manylinux_2_17_i686.manylinux2014_i686.whl", hash = "sha256:8a71a6c4e411adfeb6b8ba0fc5eff60505bf758aea9e4c7169a6fce5a57833cf", size = 416975 },
    { url = "https://files.pythonhosted.org/packages/f9/e3/1577e3411490c8a2ea22dfe1166cc3f26fcd3fa0567c8140a45ac2ed9de2/grimp-3.5-cp310-cp310-manylinux_2_17_ppc64le.manylinux2014_ppc64le.whl", hash = "sha256:60e92da02c72eebb9f1aaecd48c3b9fd234de6a6427da6b2232918cb88b409c0", size = 437136 },
    { url = "https://files.pythonhosted.org/packages/dd/4f/00f6db52c34a63763a2be0d524ec3fa21432a287a91d53b3bd2576b2064e/grimp-3.5-cp310-cp310-manylinux_2_17_s390x.manylinux2014_s390x.whl", hash = "sha256:5f9db004a253329f480a3ec0b0929558a6427f2db0610900b57fded591f6e3be", size = 445704 },
    { url = "https://files.pythonhosted.org/packages/ab/b1/25415841c96daef43a4879c6fce01f94d7fd6226d5920888ac171fb4a71f/grimp-3.5-cp310-cp310-manylinux_2_17_x86_64.manylinux2014_x86_64.whl", hash = "sha256:7fa6188b077339f030973b6cb3e1947175c45f6f9a472162435a5f80afd21805", size = 393393 },
    { url = "https://files.pythonhosted.org/packages/84/cb/1d3bfdf994127ca6a439e266e25fe16ba6b4b8067cdb1320fa1f1313055a/grimp-3.5-cp310-cp310-musllinux_1_2_aarch64.whl", hash = "sha256:3140ec48aaa43e124a735878fdf527cad7fa65230c2b69abc8124a22afb755bc", size = 573741 },
    { url = "https://files.pythonhosted.org/packages/e7/87/456bbef29269482b3a374cf5cfd171de590d27e60d3f7fa8c06786f096b9/grimp-3.5-cp310-cp310-musllinux_1_2_armv7l.whl", hash = "sha256:7e6f9af573b59bb0dd07e182482277922889329672cb418a0e8617de3aaf4922", size = 665452 },
    { url = "https://files.pythonhosted.org/packages/19/bc/de80f40aab6b40c32a751b637ac71a8e5c236be5b5262654e70791de7c1b/grimp-3.5-cp310-cp310-musllinux_1_2_i686.whl", hash = "sha256:374ad436ffdd29ffd6ae4b2a345783aad08f0d674b1ee01b55b824420b6f8e85", size = 589998 },
    { url = "https://files.pythonhosted.org/packages/ca/ab/335344695e70ca1ee3ede3c9e3dec51dfbfb135c094c2040e368a9673671/grimp-3.5-cp310-cp310-musllinux_1_2_x86_64.whl", hash = "sha256:b10e7d4f67bae4326275b63aa1987652f6d673264fd8e2eb6804d64e0bfc4fa2", size = 561441 },
    { url = "https://files.pythonhosted.org/packages/4f/66/cb6f24e7fb43a77f6f100ab9aec88ab0b1a8b1cfd32ba2fd0d99602b6474/grimp-3.5-cp310-none-win32.whl", hash = "sha256:077a0e5fe97a95183e9302615dd10b69f4b378efb9158504a57b7e71871259a3", size = 223867 },
    { url = "https://files.pythonhosted.org/packages/d9/91/3a69a336c2b3b795e195fb8799a31cdec241859e89e94b5c854a34953567/grimp-3.5-cp310-none-win_amd64.whl", hash = "sha256:80a04c1559bfe45a8cb49caf160391e180cf24db9af443f34ed01e5ededba025", size = 237197 },
    { url = "https://files.pythonhosted.org/packages/78/f5/cef05699ed75a8b7cbf5686a5b1b60af4f6f22aa16ee966ce6d72a03604b/grimp-3.5-cp311-cp311-macosx_10_12_x86_64.whl", hash = "sha256:3d2130cbdbcd01ae65ebe39520f8a38e5f4ed445a4989eb1c8c0796759ddc5c6", size = 352527 },
    { url = "https://files.pythonhosted.org/packages/44/0a/a16179c6a98b732dcd3dfc397635211041e6669539d9516520de0174b1dc/grimp-3.5-cp311-cp311-macosx_11_0_arm64.whl", hash = "sha256:b2f9fdafc36dcf3ae80f7da2696bc7cbd1ef73ddd0f043446d63facc474cb2ab", size = 343271 },
    { url = "https://files.pythonhosted.org/packages/28/3e/8443ce7eb20c36f109000b91f4d45e4cdf036aab845057902f7603aaf674/grimp-3.5-cp311-cp311-manylinux_2_17_aarch64.manylinux2014_aarch64.whl", hash = "sha256:2320207ad620ed383533f3178783b5d82a9f100dbc9d7fc1c50e40275dc9a002", size = 400312 },
    { url = "https://files.pythonhosted.org/packages/48/0c/83df98d37b942bb5fe54d097d2302b8312d8d5b8e7cc9a42dfebd46a7d10/grimp-3.5-cp311-cp311-manylinux_2_17_armv7l.manylinux2014_armv7l.whl", hash = "sha256:24b83512a3195c4f927e3968b0c61db9c6d5758f748bf6d3fec197f0b61309e8", size = 406246 },
    { url = "https://files.pythonhosted.org/packages/45/75/7bd0c94404d5aa3cb58ccb62d393bc309f7f841c83717e42ba99b35b30e3/grimp-3.5-cp311-cp311-manylinux_2_17_i686.manylinux2014_i686.whl", hash = "sha256:e6abffdfe3b70723fe6a61f3c3e2c5c415a18d06387929bf4b223aa050c618d3", size = 417008 },
    { url = "https://files.pythonhosted.org/packages/d3/c3/f0afb8d9bb88a7ab2fec3561fc7e2c9c71cf229ab900b089241f8f8cfdd0/grimp-3.5-cp311-cp311-manylinux_2_17_ppc64le.manylinux2014_ppc64le.whl", hash = "sha256:2ba4988e1c96415d02f49b4677e1a219c048c2cbb358c812c99b303310f4adaa", size = 437144 },
    { url = "https://files.pythonhosted.org/packages/34/41/6616ceeda32272fcf659c1d62d1059ecb172430b8f63ca810e407e15ab4c/grimp-3.5-cp311-cp311-manylinux_2_17_s390x.manylinux2014_s390x.whl", hash = "sha256:d3d11d7ed0b0313cb378a5d138f4644189ffc77fb358d60d21d54c3d32f0a5a5", size = 445248 },
    { url = "https://files.pythonhosted.org/packages/ad/e9/11db7823c46aa7fc5af4cadaf50db1617fdeafc866f93c2bdf720c14c4e0/grimp-3.5-cp311-cp311-manylinux_2_17_x86_64.manylinux2014_x86_64.whl", hash = "sha256:b175fb636e7d2d1e6feb79ad09794740b03458eb838c341e51112beee8ae5f6e", size = 393348 },
    { url = "https://files.pythonhosted.org/packages/e2/d1/e1aa71d456953c08048aaea9aaf4091aa50a47fc43abdc6d714a1251bf97/grimp-3.5-cp311-cp311-musllinux_1_2_aarch64.whl", hash = "sha256:a93990401856d4ba7620faa123d1949059b2b5c169b6ef1bdf4d1f8df316c0a1", size = 573591 },
    { url = "https://files.pythonhosted.org/packages/5d/b9/b4b57c19e50969f57f137ca67b3758348d6ceb575feac9a7cf1dbe6a5443/grimp-3.5-cp311-cp311-musllinux_1_2_armv7l.whl", hash = "sha256:f8676bc2e0ecdc61376aba038b8ebd3380630a78f1c44426b393dd616eb3899b", size = 665563 },
    { url = "https://files.pythonhosted.org/packages/23/c7/522a372331e2f82ce86a1b9ee14d059db34414fbb42175d49e7d7add8275/grimp-3.5-cp311-cp311-musllinux_1_2_i686.whl", hash = "sha256:e270c5342302aabf97ad4e810101fcfc38c5f9360cbdd5b6f653ce43f29bf1bf", size = 589963 },
    { url = "https://files.pythonhosted.org/packages/f4/39/ef290ebc04fcbec73c46c9650a4b60f3396bb77ad1df5f90142c59864d4e/grimp-3.5-cp311-cp311-musllinux_1_2_x86_64.whl", hash = "sha256:e6682704bd7c3a2f9098747b524038f15df4d1456aded3265596fb2360fca872", size = 561326 },
    { url = "https://files.pythonhosted.org/packages/41/cb/86e1d9fb3ebefda925d9d3ef05d1f19c286b436bed80b4c3661881bb5b00/grimp-3.5-cp311-none-win32.whl", hash = "sha256:7aa32379f91494d1f1779a3e469ebf5d3e515c8c978bb5d585f6a87c297f45a1", size = 223965 },
    { url = "https://files.pythonhosted.org/packages/c7/49/1c2672d5d8590df8fd94c7348afa2bc73ff06d38162646a6dabb867d0fac/grimp-3.5-cp311-none-win_amd64.whl", hash = "sha256:bbcd2468a2609a8c662429ed34357ff50efb194c00c1c88a6336c92d662439ad", size = 237229 },
    { url = "https://files.pythonhosted.org/packages/5c/2d/3cdbde81fc35da435f71c1ac1756d54546340aeb73bd2435062f5d56fa96/grimp-3.5-cp312-cp312-macosx_10_12_x86_64.whl", hash = "sha256:e09db10a7395b3930ebe95eee2ac440c5ee24ce77b6171e807a8aacb4625cca2", size = 351992 },
    { url = "https://files.pythonhosted.org/packages/3b/1a/075518b888a9e0695f80f481563c62ed62cdc4a3bb5c3fc060392f63bee6/grimp-3.5-cp312-cp312-macosx_11_0_arm64.whl", hash = "sha256:977c6b220671d7332657be13c51e4f6f38c76d911680f844806a5346142910fc", size = 343036 },
    { url = "https://files.pythonhosted.org/packages/7e/64/700b9a9434b3e419e8f2faba1d527cd04398b341e4c6f471fd61849de5ea/grimp-3.5-cp312-cp312-manylinux_2_17_aarch64.manylinux2014_aarch64.whl", hash = "sha256:4f4e2159c3c75b62f9ea59a539ac93f89b9ced38811b453d3b78be62c8395b01", size = 399805 },
    { url = "https://files.pythonhosted.org/packages/d9/da/391129fdca413bed18409d0594445b9c2b839b1265d8c207c82134bcfc7e/grimp-3.5-cp312-cp312-manylinux_2_17_armv7l.manylinux2014_armv7l.whl", hash = "sha256:8d7bb3f2178b3a8115eca5f6ea5f766a283b8a7ede84fbbdda2a40b7d28624cb", size = 405536 },
    { url = "https://files.pythonhosted.org/packages/95/63/f2c4d5796bde917f9ec37d8f1b555416a4f24af99899d4bb4131efa6d92a/grimp-3.5-cp312-cp312-manylinux_2_17_i686.manylinux2014_i686.whl", hash = "sha256:f4e023c883a83fa8ca1a613b1e8b39834545818971a8d94977bcd4b491537cde", size = 416903 },
    { url = "https://files.pythonhosted.org/packages/a5/4f/17e7c07872370b92560b189cc83714e358ba58a72fb4b4272b0977f32233/grimp-3.5-cp312-cp312-manylinux_2_17_ppc64le.manylinux2014_ppc64le.whl", hash = "sha256:ce7440c8498fa5b47acfffce7fe42d6c63be94dbe2fff7f524522fa7e422e0eb", size = 437612 },
    { url = "https://files.pythonhosted.org/packages/ac/54/3319304f1f1050b8093314e875fcf73150323beb18cbf918c4ef6a8ef89b/grimp-3.5-cp312-cp312-manylinux_2_17_s390x.manylinux2014_s390x.whl", hash = "sha256:b0724f60d7cccf2c94616f0282ba8eec85a1956b59b8d22274409a60539fc462", size = 444189 },
    { url = "https://files.pythonhosted.org/packages/67/7a/fde60dfb1995e8b6a2f26ac280ca5ad3cdeec2d363172c12450850dc93ba/grimp-3.5-cp312-cp312-manylinux_2_17_x86_64.manylinux2014_x86_64.whl", hash = "sha256:a486e985fa4d4fb9dc6ebb094ed17a293809ff5cf6532bba26a5ae064d350539", size = 393776 },
    { url = "https://files.pythonhosted.org/packages/91/67/3cbb66ace2a4a253bfda3dbbcffc3b044e470d009a87cd75a7ed729d91f3/grimp-3.5-cp312-cp312-musllinux_1_2_aarch64.whl", hash = "sha256:8a98f06d58b0cb7b8bfe5846d8ab07adb36c313dd3c7298836ddd3df98a8344a", size = 573678 },
    { url = "https://files.pythonhosted.org/packages/8c/a0/deaeb03bbfac9e5503c270447724c10852679809cb26e57b3e4baaf60cf5/grimp-3.5-cp312-cp312-musllinux_1_2_armv7l.whl", hash = "sha256:13924943d6e5a0f0150c8f2a05d87042f03510b633b198ac3dd5c4274d36f28c", size = 664438 },
    { url = "https://files.pythonhosted.org/packages/67/bf/6de7ec680daa963d215dc3bd71831c22e15e488ed7b835e65b36b8424aaf/grimp-3.5-cp312-cp312-musllinux_1_2_i686.whl", hash = "sha256:8194ac4c54fac7641bfcef332aaec1af590e97b2aa8993e47a7c51ff84220f44", size = 589491 },
    { url = "https://files.pythonhosted.org/packages/73/a2/03ffdf03f2ab642bfe296eff94f51a6a8e3b04d4b5c7567a7b3c9261313c/grimp-3.5-cp312-cp312-musllinux_1_2_x86_64.whl", hash = "sha256:3f83b85aad278dfcaf2bf27b9cfa6dd6533dd96ecc510ba3bc0141344686857f", size = 560996 },
    { url = "https://files.pythonhosted.org/packages/13/52/fb9ad8e26710d7eb0afccf083087810d8cbd0f4eb3863f0641c8b251c046/grimp-3.5-cp312-none-win32.whl", hash = "sha256:f88307f0e50883ab73cc59164a5a9396e8e1c8b68b8e2edef68d478b91d81000", size = 222988 },
    { url = "https://files.pythonhosted.org/packages/2e/85/4058a766fc2b53b4b1318944c46bc9405fc7dea7ebb2eca377896f3fbfd5/grimp-3.5-cp312-none-win_amd64.whl", hash = "sha256:6fa422c150597f8e6ad51c4fe2b271747057abe638acca5eebb2162e536065ed", size = 236195 },
    { url = "https://files.pythonhosted.org/packages/31/02/33f4b4bc6d22b5ff7672ce5c67464f4dcee6e86cf3a072cdc9b1d46e5178/grimp-3.5-cp313-cp313-macosx_10_12_x86_64.whl", hash = "sha256:448dba63f938d0e13e6121559749816e3b2644202c912cc308e7608c6034737a", size = 351545 },
    { url = "https://files.pythonhosted.org/packages/78/e0/44bd64767763160ea0862ad756b88dfd375060b5636aaeb79c10861f09ae/grimp-3.5-cp313-cp313-macosx_11_0_arm64.whl", hash = "sha256:17113aba41269d0ee91512c96eeb850c7c668440c6a8e0bfc94d17762184b293", size = 342780 },
    { url = "https://files.pythonhosted.org/packages/55/e6/b0fc52ab1ee04c80f1709eaa2e99468a8981d0a23dcbc7c2c6e781da22cc/grimp-3.5-cp313-cp313-manylinux_2_17_aarch64.manylinux2014_aarch64.whl", hash = "sha256:e6a55614945c319d1dc692c3e43f3a02b80c116a1298e593f5f887b97e6c983a", size = 399300 },
    { url = "https://files.pythonhosted.org/packages/dc/b9/aa6365859c96881d02f6ad6ab8aa38eaced5887f3cc431165ed9ee7b35ea/grimp-3.5-cp313-cp313-manylinux_2_17_armv7l.manylinux2014_armv7l.whl", hash = "sha256:aba7ce7839b72efb4c6d06404d2b2a3026e28dd89816f4e546b3cd6626cbeeb1", size = 405288 },
    { url = "https://files.pythonhosted.org/packages/7d/f8/32446714ed0f23a1b8067f9f627c55f7c186d3477baa5c6e6312c95060ab/grimp-3.5-cp313-cp313-manylinux_2_17_i686.manylinux2014_i686.whl", hash = "sha256:eaedfba320a70d87b14acb25a685c8629586b943129c71ffd02b47d9531c11ce", size = 416565 },
    { url = "https://files.pythonhosted.org/packages/93/3c/185a0292111350823fdd7d61481157295d90260e248888ab274a00f84456/grimp-3.5-cp313-cp313-manylinux_2_17_ppc64le.manylinux2014_ppc64le.whl", hash = "sha256:60a9afd3dd00ad1d301a07f97e26bc9ecdc3d2db39ab6ac46c315a7dea0a96cb", size = 437249 },
    { url = "https://files.pythonhosted.org/packages/1a/21/55ede2511dc111e9ca90d23e479e263e0845dc7e389515587f9575c5b139/grimp-3.5-cp313-cp313-manylinux_2_17_s390x.manylinux2014_s390x.whl", hash = "sha256:11c66039c0475e5c9fc6a086264f11870181ae79f603caa5dffa1411ddad636b", size = 443560 },
    { url = "https://files.pythonhosted.org/packages/12/e1/79f6a4212d46ae6db6281c5b179990d2dd53c72eed7587592c0968f0d3f0/grimp-3.5-cp313-cp313-manylinux_2_17_x86_64.manylinux2014_x86_64.whl", hash = "sha256:bff39a0061790f074f86a7841cd8e6064aa7b2208cb1ee5c3f2e685dead2b66e", size = 393185 },
    { url = "https://files.pythonhosted.org/packages/46/62/1a7f8b54d73f3ef6595dd8bfa10686321c04b562fbb997e9d46f95fe7b96/grimp-3.5-cp313-cp313-musllinux_1_2_aarch64.whl", hash = "sha256:cf7f5367c4a87b8e9f08c09e7401d2d73f21cb65d6142445819f9df0d6ab3f6b", size = 573292 },
    { url = "https://files.pythonhosted.org/packages/24/1d/b90853a0b7eb7aa08073dafd896551d26a416e922a68eb1cab35319593c7/grimp-3.5-cp313-cp313-musllinux_1_2_armv7l.whl", hash = "sha256:edee4b087f007dab8b65461caf6a1b67b2f9480cceb5f6aceea87008d8f283c4", size = 664226 },
    { url = "https://files.pythonhosted.org/packages/6b/7b/ce6cf6ba2da6305725692ea2a7a4080da60ac075d23353fc07cae7adb5b7/grimp-3.5-cp313-cp313-musllinux_1_2_i686.whl", hash = "sha256:6af125013ad2a56c18f2f53a3fcabbfbe96c70374abecd6f14b82dc444726ebe", size = 589077 },
    { url = "https://files.pythonhosted.org/packages/ad/29/03156310a1bf278e8dd46e2e02311bad1d1551b1555d245e28008c318086/grimp-3.5-cp313-cp313-musllinux_1_2_x86_64.whl", hash = "sha256:24aabae0183ca5fd5a710257ff37120b55d8e6d6d4cbb2c08481552832e5c901", size = 560463 },
    { url = "https://files.pythonhosted.org/packages/1e/29/300daf9b6a7f3f979a379cda69e04374912031fd85f3b6f0e03d9b637263/grimp-3.5-cp313-none-win32.whl", hash = "sha256:506091bfd600dd7ad427586998ef5e54a2098485148a1499bd9af5943d2fb0b7", size = 222673 },
    { url = "https://files.pythonhosted.org/packages/e5/8c/15834d919407c1ab11590367e03ac9d1c162d518a0f54f2970e315e0d623/grimp-3.5-cp313-none-win_amd64.whl", hash = "sha256:099388df82d922ddc589f362f1a523ab053c8dee5d29a6b622b2cddf481c6a2f", size = 236037 },
    { url = "https://files.pythonhosted.org/packages/a4/08/f83b5f34ed2ef3dc165dbd48d65a1998ba16ee55d44b3a5535dd85e2a1cf/grimp-3.5-pp310-pypy310_pp73-manylinux_2_17_aarch64.manylinux2014_aarch64.whl", hash = "sha256:952c0ea0c652c3aea99411921e1a43b015c4ef96466a8b0d78b8d15c820228ca", size = 400699 },
    { url = "https://files.pythonhosted.org/packages/e8/5b/3ab129590dad22ddbd6315e1196663af88dda6ba443ec47d686c8c728807/grimp-3.5-pp310-pypy310_pp73-manylinux_2_17_armv7l.manylinux2014_armv7l.whl", hash = "sha256:33da59560da889ad41018f0c93f58833018922a1fff7ae44bcf20a0644bda9fc", size = 405973 },
    { url = "https://files.pythonhosted.org/packages/9a/70/87cee9b5177c9c4ecf51b14dbdc2bfde7f38fb28d0bdf3e43a23fe8a275f/grimp-3.5-pp310-pypy310_pp73-manylinux_2_17_i686.manylinux2014_i686.whl", hash = "sha256:f8ee28ff91df8e6c8ce2ea4334bb487ebd7adeef94f6d0170314cb3e0179e272", size = 419004 },
    { url = "https://files.pythonhosted.org/packages/fa/08/1c00ffa880b6c27a985653f0f3e67ead67fdea8dd9fc3b02dd7b4b8bd38e/grimp-3.5-pp310-pypy310_pp73-manylinux_2_17_ppc64le.manylinux2014_ppc64le.whl", hash = "sha256:4dca05a5beb2346630968127612ebd7771084890297d4de25cde24ac937dc11b", size = 438270 },
    { url = "https://files.pythonhosted.org/packages/73/56/d89e90812fd26ae354080d44e6a981128ab13c03941473753a61ed791af8/grimp-3.5-pp310-pypy310_pp73-manylinux_2_17_s390x.manylinux2014_s390x.whl", hash = "sha256:bb6feb9667349fba87d85d210a85480e43dc96a65b6229baf3a0439ebf44613f", size = 448687 },
    { url = "https://files.pythonhosted.org/packages/cd/f7/e590dec79bde8b901976e6834a4f34fc0b8c01776b0a3883c88a60b25545/grimp-3.5-pp310-pypy310_pp73-manylinux_2_17_x86_64.manylinux2014_x86_64.whl", hash = "sha256:2b35460a314a720d1a332222621dc9a8b412d9c56bc19866019d6c6451cc09dc", size = 394873 },
    { url = "https://files.pythonhosted.org/packages/77/d9/5d657a9e51b1642cbd0b3d5a849ccfdca5e8425a16aa90b091a0788a4abe/grimp-3.5-pp310-pypy310_pp73-musllinux_1_2_aarch64.whl", hash = "sha256:03350ec0378d984d6d8ff09fa607ecdeca59d8ee4636a029f1a7475e8a9cd74a", size = 574559 },
    { url = "https://files.pythonhosted.org/packages/22/8a/318d926a02591947362755dfc1b692f7330dc3e8e00e155639be42c263d3/grimp-3.5-pp310-pypy310_pp73-musllinux_1_2_armv7l.whl", hash = "sha256:d9ef6c6c8d1d64eabb555a7ecf4ec3dce91d0ade54b3724a03169a298a65f2f7", size = 666412 },
    { url = "https://files.pythonhosted.org/packages/a9/71/db58869deb88f5a22f57bef07078a8b282f73d2894186e2fc43ecfddbf39/grimp-3.5-pp310-pypy310_pp73-musllinux_1_2_i686.whl", hash = "sha256:813ec51de74800043c543ab2979dd7b383aeb6b5cd52adf092ef7fa69c6c2b2f", size = 591136 },
    { url = "https://files.pythonhosted.org/packages/a4/83/b555170978c5215538dde599ad67b3b029caadf74f675c6d26dbd2b78128/grimp-3.5-pp310-pypy310_pp73-musllinux_1_2_x86_64.whl", hash = "sha256:1966b0059b38b5aeca9da3fb3c036590d783d7330eb9e1300b2779f7e6d41650", size = 563059 },
]

[[package]]
name = "import-linter"
version = "2.1"
source = { registry = "https://pypi.org/simple" }
dependencies = [
    { name = "click" },
    { name = "grimp" },
    { name = "tomli", marker = "python_full_version < '3.11'" },
    { name = "typing-extensions" },
]
sdist = { url = "https://files.pythonhosted.org/packages/5e/d3/546d27e9390061cbc692541612bbaa3f69a3ad23f592cfbfefe0517ff5b0/import_linter-2.1.tar.gz", hash = "sha256:393fadb2e91304c22c5ceab575213ed2b6a794abc7bd05ab345f2430930b2eae", size = 29160 }
wheels = [
    { url = "https://files.pythonhosted.org/packages/d8/38/137d5310c52c1b79d1588afa2ce5038cb3a10dbfd1a642962f3bc3ccbe61/import_linter-2.1-py3-none-any.whl", hash = "sha256:324d65035f0252a8e432f60256b0d0d32d8d5d6e4f8fd29716688b09d7a2217a", size = 41402 },
]

[[package]]
name = "iniconfig"
version = "2.0.0"
source = { registry = "https://pypi.org/simple" }
sdist = { url = "https://files.pythonhosted.org/packages/d7/4b/cbd8e699e64a6f16ca3a8220661b5f83792b3017d0f79807cb8708d33913/iniconfig-2.0.0.tar.gz", hash = "sha256:2d91e135bf72d31a410b17c16da610a82cb55f6b0477d1a902134b24a455b8b3", size = 4646 }
wheels = [
    { url = "https://files.pythonhosted.org/packages/ef/a6/62565a6e1cf69e10f5727360368e451d4b7f58beeac6173dc9db836a5b46/iniconfig-2.0.0-py3-none-any.whl", hash = "sha256:b6a85871a79d2e3b22d2d1b94ac2824226a63c6b741c88f7ae975f18b6778374", size = 5892 },
]

[[package]]
name = "module1"
version = "0.1.0"
source = { editable = "." }
dependencies = [
    { name = "pytest" },
]

[package.dev-dependencies]
dev = [
    { name = "import-linter" },
    { name = "mypy" },
    { name = "pytest" },
    { name = "ruff" },
]

[package.metadata]
requires-dist = [{ name = "pytest", specifier = ">=8.3.4" }]

[package.metadata.requires-dev]
dev = [
    { name = "import-linter", specifier = ">=1.12.1" },
    { name = "mypy", specifier = ">=1.14.1" },
    { name = "pytest", specifier = ">=8.3.4" },
    { name = "ruff", specifier = ">=0.9.1" },
]

[[package]]
name = "mypy"
version = "1.14.1"
source = { registry = "https://pypi.org/simple" }
dependencies = [
    { name = "mypy-extensions" },
    { name = "tomli", marker = "python_full_version < '3.11'" },
    { name = "typing-extensions" },
]
sdist = { url = "https://files.pythonhosted.org/packages/b9/eb/2c92d8ea1e684440f54fa49ac5d9a5f19967b7b472a281f419e69a8d228e/mypy-1.14.1.tar.gz", hash = "sha256:7ec88144fe9b510e8475ec2f5f251992690fcf89ccb4500b214b4226abcd32d6", size = 3216051 }
wheels = [
    { url = "https://files.pythonhosted.org/packages/9b/7a/87ae2adb31d68402da6da1e5f30c07ea6063e9f09b5e7cfc9dfa44075e74/mypy-1.14.1-cp310-cp310-macosx_10_9_x86_64.whl", hash = "sha256:52686e37cf13d559f668aa398dd7ddf1f92c5d613e4f8cb262be2fb4fedb0fcb", size = 11211002 },
    { url = "https://files.pythonhosted.org/packages/e1/23/eada4c38608b444618a132be0d199b280049ded278b24cbb9d3fc59658e4/mypy-1.14.1-cp310-cp310-macosx_11_0_arm64.whl", hash = "sha256:1fb545ca340537d4b45d3eecdb3def05e913299ca72c290326be19b3804b39c0", size = 10358400 },
    { url = "https://files.pythonhosted.org/packages/43/c9/d6785c6f66241c62fd2992b05057f404237deaad1566545e9f144ced07f5/mypy-1.14.1-cp310-cp310-manylinux_2_17_aarch64.manylinux2014_aarch64.manylinux_2_28_aarch64.whl", hash = "sha256:90716d8b2d1f4cd503309788e51366f07c56635a3309b0f6a32547eaaa36a64d", size = 12095172 },
    { url = "https://files.pythonhosted.org/packages/c3/62/daa7e787770c83c52ce2aaf1a111eae5893de9e004743f51bfcad9e487ec/mypy-1.14.1-cp310-cp310-manylinux_2_17_x86_64.manylinux2014_x86_64.manylinux_2_28_x86_64.whl", hash = "sha256:2ae753f5c9fef278bcf12e1a564351764f2a6da579d4a81347e1d5a15819997b", size = 12828732 },
    { url = "https://files.pythonhosted.org/packages/1b/a2/5fb18318a3637f29f16f4e41340b795da14f4751ef4f51c99ff39ab62e52/mypy-1.14.1-cp310-cp310-musllinux_1_2_x86_64.whl", hash = "sha256:e0fe0f5feaafcb04505bcf439e991c6d8f1bf8b15f12b05feeed96e9e7bf1427", size = 13012197 },
    { url = "https://files.pythonhosted.org/packages/28/99/e153ce39105d164b5f02c06c35c7ba958aaff50a2babba7d080988b03fe7/mypy-1.14.1-cp310-cp310-win_amd64.whl", hash = "sha256:7d54bd85b925e501c555a3227f3ec0cfc54ee8b6930bd6141ec872d1c572f81f", size = 9780836 },
    { url = "https://files.pythonhosted.org/packages/da/11/a9422850fd506edbcdc7f6090682ecceaf1f87b9dd847f9df79942da8506/mypy-1.14.1-cp311-cp311-macosx_10_9_x86_64.whl", hash = "sha256:f995e511de847791c3b11ed90084a7a0aafdc074ab88c5a9711622fe4751138c", size = 11120432 },
    { url = "https://files.pythonhosted.org/packages/b6/9e/47e450fd39078d9c02d620545b2cb37993a8a8bdf7db3652ace2f80521ca/mypy-1.14.1-cp311-cp311-macosx_11_0_arm64.whl", hash = "sha256:d64169ec3b8461311f8ce2fd2eb5d33e2d0f2c7b49116259c51d0d96edee48d1", size = 10279515 },
    { url = "https://files.pythonhosted.org/packages/01/b5/6c8d33bd0f851a7692a8bfe4ee75eb82b6983a3cf39e5e32a5d2a723f0c1/mypy-1.14.1-cp311-cp311-manylinux_2_17_aarch64.manylinux2014_aarch64.manylinux_2_28_aarch64.whl", hash = "sha256:ba24549de7b89b6381b91fbc068d798192b1b5201987070319889e93038967a8", size = 12025791 },
    { url = "https://files.pythonhosted.org/packages/f0/4c/e10e2c46ea37cab5c471d0ddaaa9a434dc1d28650078ac1b56c2d7b9b2e4/mypy-1.14.1-cp311-cp311-manylinux_2_17_x86_64.manylinux2014_x86_64.manylinux_2_28_x86_64.whl", hash = "sha256:183cf0a45457d28ff9d758730cd0210419ac27d4d3f285beda038c9083363b1f", size = 12749203 },
    { url = "https://files.pythonhosted.org/packages/88/55/beacb0c69beab2153a0f57671ec07861d27d735a0faff135a494cd4f5020/mypy-1.14.1-cp311-cp311-musllinux_1_2_x86_64.whl", hash = "sha256:f2a0ecc86378f45347f586e4163d1769dd81c5a223d577fe351f26b179e148b1", size = 12885900 },
    { url = "https://files.pythonhosted.org/packages/a2/75/8c93ff7f315c4d086a2dfcde02f713004357d70a163eddb6c56a6a5eff40/mypy-1.14.1-cp311-cp311-win_amd64.whl", hash = "sha256:ad3301ebebec9e8ee7135d8e3109ca76c23752bac1e717bc84cd3836b4bf3eae", size = 9777869 },
    { url = "https://files.pythonhosted.org/packages/43/1b/b38c079609bb4627905b74fc6a49849835acf68547ac33d8ceb707de5f52/mypy-1.14.1-cp312-cp312-macosx_10_13_x86_64.whl", hash = "sha256:30ff5ef8519bbc2e18b3b54521ec319513a26f1bba19a7582e7b1f58a6e69f14", size = 11266668 },
    { url = "https://files.pythonhosted.org/packages/6b/75/2ed0d2964c1ffc9971c729f7a544e9cd34b2cdabbe2d11afd148d7838aa2/mypy-1.14.1-cp312-cp312-macosx_11_0_arm64.whl", hash = "sha256:cb9f255c18052343c70234907e2e532bc7e55a62565d64536dbc7706a20b78b9", size = 10254060 },
    { url = "https://files.pythonhosted.org/packages/a1/5f/7b8051552d4da3c51bbe8fcafffd76a6823779101a2b198d80886cd8f08e/mypy-1.14.1-cp312-cp312-manylinux_2_17_aarch64.manylinux2014_aarch64.manylinux_2_28_aarch64.whl", hash = "sha256:8b4e3413e0bddea671012b063e27591b953d653209e7a4fa5e48759cda77ca11", size = 11933167 },
    { url = "https://files.pythonhosted.org/packages/04/90/f53971d3ac39d8b68bbaab9a4c6c58c8caa4d5fd3d587d16f5927eeeabe1/mypy-1.14.1-cp312-cp312-manylinux_2_17_x86_64.manylinux2014_x86_64.manylinux_2_28_x86_64.whl", hash = "sha256:553c293b1fbdebb6c3c4030589dab9fafb6dfa768995a453d8a5d3b23784af2e", size = 12864341 },
    { url = "https://files.pythonhosted.org/packages/03/d2/8bc0aeaaf2e88c977db41583559319f1821c069e943ada2701e86d0430b7/mypy-1.14.1-cp312-cp312-musllinux_1_2_x86_64.whl", hash = "sha256:fad79bfe3b65fe6a1efaed97b445c3d37f7be9fdc348bdb2d7cac75579607c89", size = 12972991 },
    { url = "https://files.pythonhosted.org/packages/6f/17/07815114b903b49b0f2cf7499f1c130e5aa459411596668267535fe9243c/mypy-1.14.1-cp312-cp312-win_amd64.whl", hash = "sha256:8fa2220e54d2946e94ab6dbb3ba0a992795bd68b16dc852db33028df2b00191b", size = 9879016 },
    { url = "https://files.pythonhosted.org/packages/9e/15/bb6a686901f59222275ab228453de741185f9d54fecbaacec041679496c6/mypy-1.14.1-cp313-cp313-macosx_10_13_x86_64.whl", hash = "sha256:92c3ed5afb06c3a8e188cb5da4984cab9ec9a77ba956ee419c68a388b4595255", size = 11252097 },
    { url = "https://files.pythonhosted.org/packages/f8/b3/8b0f74dfd072c802b7fa368829defdf3ee1566ba74c32a2cb2403f68024c/mypy-1.14.1-cp313-cp313-macosx_11_0_arm64.whl", hash = "sha256:dbec574648b3e25f43d23577309b16534431db4ddc09fda50841f1e34e64ed34", size = 10239728 },
    { url = "https://files.pythonhosted.org/packages/c5/9b/4fd95ab20c52bb5b8c03cc49169be5905d931de17edfe4d9d2986800b52e/mypy-1.14.1-cp313-cp313-manylinux_2_17_aarch64.manylinux2014_aarch64.manylinux_2_28_aarch64.whl", hash = "sha256:8c6d94b16d62eb3e947281aa7347d78236688e21081f11de976376cf010eb31a", size = 11924965 },
    { url = "https://files.pythonhosted.org/packages/56/9d/4a236b9c57f5d8f08ed346914b3f091a62dd7e19336b2b2a0d85485f82ff/mypy-1.14.1-cp313-cp313-manylinux_2_17_x86_64.manylinux2014_x86_64.manylinux_2_28_x86_64.whl", hash = "sha256:d4b19b03fdf54f3c5b2fa474c56b4c13c9dbfb9a2db4370ede7ec11a2c5927d9", size = 12867660 },
    { url = "https://files.pythonhosted.org/packages/40/88/a61a5497e2f68d9027de2bb139c7bb9abaeb1be1584649fa9d807f80a338/mypy-1.14.1-cp313-cp313-musllinux_1_2_x86_64.whl", hash = "sha256:0c911fde686394753fff899c409fd4e16e9b294c24bfd5e1ea4675deae1ac6fd", size = 12969198 },
    { url = "https://files.pythonhosted.org/packages/54/da/3d6fc5d92d324701b0c23fb413c853892bfe0e1dbe06c9138037d459756b/mypy-1.14.1-cp313-cp313-win_amd64.whl", hash = "sha256:8b21525cb51671219f5307be85f7e646a153e5acc656e5cebf64bfa076c50107", size = 9885276 },
    { url = "https://files.pythonhosted.org/packages/a0/b5/32dd67b69a16d088e533962e5044e51004176a9952419de0370cdaead0f8/mypy-1.14.1-py3-none-any.whl", hash = "sha256:b66a60cc4073aeb8ae00057f9c1f64d49e90f918fbcef9a977eb121da8b8f1d1", size = 2752905 },
]

[[package]]
name = "mypy-extensions"
version = "1.0.0"
source = { registry = "https://pypi.org/simple" }
sdist = { url = "https://files.pythonhosted.org/packages/98/a4/1ab47638b92648243faf97a5aeb6ea83059cc3624972ab6b8d2316078d3f/mypy_extensions-1.0.0.tar.gz", hash = "sha256:75dbf8955dc00442a438fc4d0666508a9a97b6bd41aa2f0ffe9d2f2725af0782", size = 4433 }
wheels = [
    { url = "https://files.pythonhosted.org/packages/2a/e2/5d3f6ada4297caebe1a2add3b126fe800c96f56dbe5d1988a2cbe0b267aa/mypy_extensions-1.0.0-py3-none-any.whl", hash = "sha256:4392f6c0eb8a5668a69e23d168ffa70f0be9ccfd32b5cc2d26a34ae5b844552d", size = 4695 },
]

[[package]]
name = "packaging"
version = "24.2"
source = { registry = "https://pypi.org/simple" }
sdist = { url = "https://files.pythonhosted.org/packages/d0/63/68dbb6eb2de9cb10ee4c9c14a0148804425e13c4fb20d61cce69f53106da/packaging-24.2.tar.gz", hash = "sha256:c228a6dc5e932d346bc5739379109d49e8853dd8223571c7c5b55260edc0b97f", size = 163950 }
wheels = [
    { url = "https://files.pythonhosted.org/packages/88/ef/eb23f262cca3c0c4eb7ab1933c3b1f03d021f2c48f54763065b6f0e321be/packaging-24.2-py3-none-any.whl", hash = "sha256:09abb1bccd265c01f4a3aa3f7a7db064b36514d2cba19a2f694fe6150451a759", size = 65451 },
]

[[package]]
name = "pluggy"
version = "1.5.0"
source = { registry = "https://pypi.org/simple" }
sdist = { url = "https://files.pythonhosted.org/packages/96/2d/02d4312c973c6050a18b314a5ad0b3210edb65a906f868e31c111dede4a6/pluggy-1.5.0.tar.gz", hash = "sha256:2cffa88e94fdc978c4c574f15f9e59b7f4201d439195c3715ca9e2486f1d0cf1", size = 67955 }
wheels = [
    { url = "https://files.pythonhosted.org/packages/88/5f/e351af9a41f866ac3f1fac4ca0613908d9a41741cfcf2228f4ad853b697d/pluggy-1.5.0-py3-none-any.whl", hash = "sha256:44e1ad92c8ca002de6377e165f3e0f1be63266ab4d554740532335b9d75ea669", size = 20556 },
]

[[package]]
name = "pytest"
version = "8.3.4"
source = { registry = "https://pypi.org/simple" }
dependencies = [
    { name = "colorama", marker = "sys_platform == 'win32'" },
    { name = "exceptiongroup", marker = "python_full_version < '3.11'" },
    { name = "iniconfig" },
    { name = "packaging" },
    { name = "pluggy" },
    { name = "tomli", marker = "python_full_version < '3.11'" },
]
sdist = { url = "https://files.pythonhosted.org/packages/05/35/30e0d83068951d90a01852cb1cef56e5d8a09d20c7f511634cc2f7e0372a/pytest-8.3.4.tar.gz", hash = "sha256:965370d062bce11e73868e0335abac31b4d3de0e82f4007408d242b4f8610761", size = 1445919 }
wheels = [
    { url = "https://files.pythonhosted.org/packages/11/92/76a1c94d3afee238333bc0a42b82935dd8f9cf8ce9e336ff87ee14d9e1cf/pytest-8.3.4-py3-none-any.whl", hash = "sha256:50e16d954148559c9a74109af1eaf0c945ba2d8f30f0a3d3335edde19788b6f6", size = 343083 },
]

[[package]]
name = "ruff"
version = "0.9.1"
source = { registry = "https://pypi.org/simple" }
sdist = { url = "https://files.pythonhosted.org/packages/67/3e/e89f736f01aa9517a97e2e7e0ce8d34a4d8207087b3cfdec95133fee13b5/ruff-0.9.1.tar.gz", hash = "sha256:fd2b25ecaf907d6458fa842675382c8597b3c746a2dde6717fe3415425df0c17", size = 3498844 }
wheels = [
    { url = "https://files.pythonhosted.org/packages/dc/05/c3a2e0feb3d5d394cdfd552de01df9d3ec8a3a3771bbff247fab7e668653/ruff-0.9.1-py3-none-linux_armv6l.whl", hash = "sha256:84330dda7abcc270e6055551aca93fdde1b0685fc4fd358f26410f9349cf1743", size = 10645241 },
    { url = "https://files.pythonhosted.org/packages/dd/da/59f0a40e5f88ee5c054ad175caaa2319fc96571e1d29ab4730728f2aad4f/ruff-0.9.1-py3-none-macosx_10_12_x86_64.whl", hash = "sha256:3cae39ba5d137054b0e5b472aee3b78a7c884e61591b100aeb544bcd1fc38d4f", size = 10391066 },
    { url = "https://files.pythonhosted.org/packages/b7/fe/85e1c1acf0ba04a3f2d54ae61073da030f7a5dc386194f96f3c6ca444a78/ruff-0.9.1-py3-none-macosx_11_0_arm64.whl", hash = "sha256:50c647ff96f4ba288db0ad87048257753733763b409b2faf2ea78b45c8bb7fcb", size = 10012308 },
    { url = "https://files.pythonhosted.org/packages/6f/9b/780aa5d4bdca8dcea4309264b8faa304bac30e1ce0bcc910422bfcadd203/ruff-0.9.1-py3-none-manylinux_2_17_aarch64.manylinux2014_aarch64.whl", hash = "sha256:f0c8b149e9c7353cace7d698e1656ffcf1e36e50f8ea3b5d5f7f87ff9986a7ca", size = 10881960 },
    { url = "https://files.pythonhosted.org/packages/12/f4/dac4361afbfe520afa7186439e8094e4884ae3b15c8fc75fb2e759c1f267/ruff-0.9.1-py3-none-manylinux_2_17_armv7l.manylinux2014_armv7l.whl", hash = "sha256:beb3298604540c884d8b282fe7625651378e1986c25df51dec5b2f60cafc31ce", size = 10414803 },
    { url = "https://files.pythonhosted.org/packages/f0/a2/057a3cb7999513cb78d6cb33a7d1cc6401c82d7332583786e4dad9e38e44/ruff-0.9.1-py3-none-manylinux_2_17_i686.manylinux2014_i686.whl", hash = "sha256:39d0174ccc45c439093971cc06ed3ac4dc545f5e8bdacf9f067adf879544d969", size = 11464929 },
    { url = "https://files.pythonhosted.org/packages/eb/c6/1ccfcc209bee465ced4874dcfeaadc88aafcc1ea9c9f31ef66f063c187f0/ruff-0.9.1-py3-none-manylinux_2_17_ppc64.manylinux2014_ppc64.whl", hash = "sha256:69572926c0f0c9912288915214ca9b2809525ea263603370b9e00bed2ba56dbd", size = 12170717 },
    { url = "https://files.pythonhosted.org/packages/84/97/4a524027518525c7cf6931e9fd3b2382be5e4b75b2b61bec02681a7685a5/ruff-0.9.1-py3-none-manylinux_2_17_ppc64le.manylinux2014_ppc64le.whl", hash = "sha256:937267afce0c9170d6d29f01fcd1f4378172dec6760a9f4dface48cdabf9610a", size = 11708921 },
    { url = "https://files.pythonhosted.org/packages/a6/a4/4e77cf6065c700d5593b25fca6cf725b1ab6d70674904f876254d0112ed0/ruff-0.9.1-py3-none-manylinux_2_17_s390x.manylinux2014_s390x.whl", hash = "sha256:186c2313de946f2c22bdf5954b8dd083e124bcfb685732cfb0beae0c47233d9b", size = 13058074 },
    { url = "https://files.pythonhosted.org/packages/f9/d6/fcb78e0531e863d0a952c4c5600cc5cd317437f0e5f031cd2288b117bb37/ruff-0.9.1-py3-none-manylinux_2_17_x86_64.manylinux2014_x86_64.whl", hash = "sha256:3f94942a3bb767675d9a051867c036655fe9f6c8a491539156a6f7e6b5f31831", size = 11281093 },
    { url = "https://files.pythonhosted.org/packages/e4/3b/7235bbeff00c95dc2d073cfdbf2b871b5bbf476754c5d277815d286b4328/ruff-0.9.1-py3-none-musllinux_1_2_aarch64.whl", hash = "sha256:728d791b769cc28c05f12c280f99e8896932e9833fef1dd8756a6af2261fd1ab", size = 10882610 },
    { url = "https://files.pythonhosted.org/packages/2a/66/5599d23257c61cf038137f82999ca8f9d0080d9d5134440a461bef85b461/ruff-0.9.1-py3-none-musllinux_1_2_armv7l.whl", hash = "sha256:2f312c86fb40c5c02b44a29a750ee3b21002bd813b5233facdaf63a51d9a85e1", size = 10489273 },
    { url = "https://files.pythonhosted.org/packages/78/85/de4aa057e2532db0f9761e2c2c13834991e087787b93e4aeb5f1cb10d2df/ruff-0.9.1-py3-none-musllinux_1_2_i686.whl", hash = "sha256:ae017c3a29bee341ba584f3823f805abbe5fe9cd97f87ed07ecbf533c4c88366", size = 11003314 },
    { url = "https://files.pythonhosted.org/packages/00/42/afedcaa089116d81447347f76041ff46025849fedb0ed2b187d24cf70fca/ruff-0.9.1-py3-none-musllinux_1_2_x86_64.whl", hash = "sha256:5dc40a378a0e21b4cfe2b8a0f1812a6572fc7b230ef12cd9fac9161aa91d807f", size = 11342982 },
    { url = "https://files.pythonhosted.org/packages/39/c6/fe45f3eb27e3948b41a305d8b768e949bf6a39310e9df73f6c576d7f1d9f/ruff-0.9.1-py3-none-win32.whl", hash = "sha256:46ebf5cc106cf7e7378ca3c28ce4293b61b449cd121b98699be727d40b79ba72", size = 8819750 },
    { url = "https://files.pythonhosted.org/packages/38/8d/580db77c3b9d5c3d9479e55b0b832d279c30c8f00ab0190d4cd8fc67831c/ruff-0.9.1-py3-none-win_amd64.whl", hash = "sha256:342a824b46ddbcdddd3abfbb332fa7fcaac5488bf18073e841236aadf4ad5c19", size = 9701331 },
    { url = "https://files.pythonhosted.org/packages/b2/94/0498cdb7316ed67a1928300dd87d659c933479f44dec51b4f62bfd1f8028/ruff-0.9.1-py3-none-win_arm64.whl", hash = "sha256:1cd76c7f9c679e6e8f2af8f778367dca82b95009bc7b1a85a47f1521ae524fa7", size = 9145708 },
]

[[package]]
name = "tomli"
version = "2.2.1"
source = { registry = "https://pypi.org/simple" }
sdist = { url = "https://files.pythonhosted.org/packages/18/87/302344fed471e44a87289cf4967697d07e532f2421fdaf868a303cbae4ff/tomli-2.2.1.tar.gz", hash = "sha256:cd45e1dc79c835ce60f7404ec8119f2eb06d38b1deba146f07ced3bbc44505ff", size = 17175 }
wheels = [
    { url = "https://files.pythonhosted.org/packages/43/ca/75707e6efa2b37c77dadb324ae7d9571cb424e61ea73fad7c56c2d14527f/tomli-2.2.1-cp311-cp311-macosx_10_9_x86_64.whl", hash = "sha256:678e4fa69e4575eb77d103de3df8a895e1591b48e740211bd1067378c69e8249", size = 131077 },
    { url = "https://files.pythonhosted.org/packages/c7/16/51ae563a8615d472fdbffc43a3f3d46588c264ac4f024f63f01283becfbb/tomli-2.2.1-cp311-cp311-macosx_11_0_arm64.whl", hash = "sha256:023aa114dd824ade0100497eb2318602af309e5a55595f76b626d6d9f3b7b0a6", size = 123429 },
    { url = "https://files.pythonhosted.org/packages/f1/dd/4f6cd1e7b160041db83c694abc78e100473c15d54620083dbd5aae7b990e/tomli-2.2.1-cp311-cp311-manylinux_2_17_aarch64.manylinux2014_aarch64.whl", hash = "sha256:ece47d672db52ac607a3d9599a9d48dcb2f2f735c6c2d1f34130085bb12b112a", size = 226067 },
    { url = "https://files.pythonhosted.org/packages/a9/6b/c54ede5dc70d648cc6361eaf429304b02f2871a345bbdd51e993d6cdf550/tomli-2.2.1-cp311-cp311-manylinux_2_17_x86_64.manylinux2014_x86_64.whl", hash = "sha256:6972ca9c9cc9f0acaa56a8ca1ff51e7af152a9f87fb64623e31d5c83700080ee", size = 236030 },
    { url = "https://files.pythonhosted.org/packages/1f/47/999514fa49cfaf7a92c805a86c3c43f4215621855d151b61c602abb38091/tomli-2.2.1-cp311-cp311-manylinux_2_5_i686.manylinux1_i686.manylinux_2_17_i686.manylinux2014_i686.whl", hash = "sha256:c954d2250168d28797dd4e3ac5cf812a406cd5a92674ee4c8f123c889786aa8e", size = 240898 },
    { url = "https://files.pythonhosted.org/packages/73/41/0a01279a7ae09ee1573b423318e7934674ce06eb33f50936655071d81a24/tomli-2.2.1-cp311-cp311-musllinux_1_2_aarch64.whl", hash = "sha256:8dd28b3e155b80f4d54beb40a441d366adcfe740969820caf156c019fb5c7ec4", size = 229894 },
    { url = "https://files.pythonhosted.org/packages/55/18/5d8bc5b0a0362311ce4d18830a5d28943667599a60d20118074ea1b01bb7/tomli-2.2.1-cp311-cp311-musllinux_1_2_i686.whl", hash = "sha256:e59e304978767a54663af13c07b3d1af22ddee3bb2fb0618ca1593e4f593a106", size = 245319 },
    { url = "https://files.pythonhosted.org/packages/92/a3/7ade0576d17f3cdf5ff44d61390d4b3febb8a9fc2b480c75c47ea048c646/tomli-2.2.1-cp311-cp311-musllinux_1_2_x86_64.whl", hash = "sha256:33580bccab0338d00994d7f16f4c4ec25b776af3ffaac1ed74e0b3fc95e885a8", size = 238273 },
    { url = "https://files.pythonhosted.org/packages/72/6f/fa64ef058ac1446a1e51110c375339b3ec6be245af9d14c87c4a6412dd32/tomli-2.2.1-cp311-cp311-win32.whl", hash = "sha256:465af0e0875402f1d226519c9904f37254b3045fc5084697cefb9bdde1ff99ff", size = 98310 },
    { url = "https://files.pythonhosted.org/packages/6a/1c/4a2dcde4a51b81be3530565e92eda625d94dafb46dbeb15069df4caffc34/tomli-2.2.1-cp311-cp311-win_amd64.whl", hash = "sha256:2d0f2fdd22b02c6d81637a3c95f8cd77f995846af7414c5c4b8d0545afa1bc4b", size = 108309 },
    { url = "https://files.pythonhosted.org/packages/52/e1/f8af4c2fcde17500422858155aeb0d7e93477a0d59a98e56cbfe75070fd0/tomli-2.2.1-cp312-cp312-macosx_10_13_x86_64.whl", hash = "sha256:4a8f6e44de52d5e6c657c9fe83b562f5f4256d8ebbfe4ff922c495620a7f6cea", size = 132762 },
    { url = "https://files.pythonhosted.org/packages/03/b8/152c68bb84fc00396b83e7bbddd5ec0bd3dd409db4195e2a9b3e398ad2e3/tomli-2.2.1-cp312-cp312-macosx_11_0_arm64.whl", hash = "sha256:8d57ca8095a641b8237d5b079147646153d22552f1c637fd3ba7f4b0b29167a8", size = 123453 },
    { url = "https://files.pythonhosted.org/packages/c8/d6/fc9267af9166f79ac528ff7e8c55c8181ded34eb4b0e93daa767b8841573/tomli-2.2.1-cp312-cp312-manylinux_2_17_aarch64.manylinux2014_aarch64.whl", hash = "sha256:4e340144ad7ae1533cb897d406382b4b6fede8890a03738ff1683af800d54192", size = 233486 },
    { url = "https://files.pythonhosted.org/packages/5c/51/51c3f2884d7bab89af25f678447ea7d297b53b5a3b5730a7cb2ef6069f07/tomli-2.2.1-cp312-cp312-manylinux_2_17_x86_64.manylinux2014_x86_64.whl", hash = "sha256:db2b95f9de79181805df90bedc5a5ab4c165e6ec3fe99f970d0e302f384ad222", size = 242349 },
    { url = "https://files.pythonhosted.org/packages/ab/df/bfa89627d13a5cc22402e441e8a931ef2108403db390ff3345c05253935e/tomli-2.2.1-cp312-cp312-manylinux_2_5_i686.manylinux1_i686.manylinux_2_17_i686.manylinux2014_i686.whl", hash = "sha256:40741994320b232529c802f8bc86da4e1aa9f413db394617b9a256ae0f9a7f77", size = 252159 },
    { url = "https://files.pythonhosted.org/packages/9e/6e/fa2b916dced65763a5168c6ccb91066f7639bdc88b48adda990db10c8c0b/tomli-2.2.1-cp312-cp312-musllinux_1_2_aarch64.whl", hash = "sha256:400e720fe168c0f8521520190686ef8ef033fb19fc493da09779e592861b78c6", size = 237243 },
    { url = "https://files.pythonhosted.org/packages/b4/04/885d3b1f650e1153cbb93a6a9782c58a972b94ea4483ae4ac5cedd5e4a09/tomli-2.2.1-cp312-cp312-musllinux_1_2_i686.whl", hash = "sha256:02abe224de6ae62c19f090f68da4e27b10af2b93213d36cf44e6e1c5abd19fdd", size = 259645 },
    { url = "https://files.pythonhosted.org/packages/9c/de/6b432d66e986e501586da298e28ebeefd3edc2c780f3ad73d22566034239/tomli-2.2.1-cp312-cp312-musllinux_1_2_x86_64.whl", hash = "sha256:b82ebccc8c8a36f2094e969560a1b836758481f3dc360ce9a3277c65f374285e", size = 244584 },
    { url = "https://files.pythonhosted.org/packages/1c/9a/47c0449b98e6e7d1be6cbac02f93dd79003234ddc4aaab6ba07a9a7482e2/tomli-2.2.1-cp312-cp312-win32.whl", hash = "sha256:889f80ef92701b9dbb224e49ec87c645ce5df3fa2cc548664eb8a25e03127a98", size = 98875 },
    { url = "https://files.pythonhosted.org/packages/ef/60/9b9638f081c6f1261e2688bd487625cd1e660d0a85bd469e91d8db969734/tomli-2.2.1-cp312-cp312-win_amd64.whl", hash = "sha256:7fc04e92e1d624a4a63c76474610238576942d6b8950a2d7f908a340494e67e4", size = 109418 },
    { url = "https://files.pythonhosted.org/packages/04/90/2ee5f2e0362cb8a0b6499dc44f4d7d48f8fff06d28ba46e6f1eaa61a1388/tomli-2.2.1-cp313-cp313-macosx_10_13_x86_64.whl", hash = "sha256:f4039b9cbc3048b2416cc57ab3bda989a6fcf9b36cf8937f01a6e731b64f80d7", size = 132708 },
    { url = "https://files.pythonhosted.org/packages/c0/ec/46b4108816de6b385141f082ba99e315501ccd0a2ea23db4a100dd3990ea/tomli-2.2.1-cp313-cp313-macosx_11_0_arm64.whl", hash = "sha256:286f0ca2ffeeb5b9bd4fcc8d6c330534323ec51b2f52da063b11c502da16f30c", size = 123582 },
    { url = "https://files.pythonhosted.org/packages/a0/bd/b470466d0137b37b68d24556c38a0cc819e8febe392d5b199dcd7f578365/tomli-2.2.1-cp313-cp313-manylinux_2_17_aarch64.manylinux2014_aarch64.whl", hash = "sha256:a92ef1a44547e894e2a17d24e7557a5e85a9e1d0048b0b5e7541f76c5032cb13", size = 232543 },
    { url = "https://files.pythonhosted.org/packages/d9/e5/82e80ff3b751373f7cead2815bcbe2d51c895b3c990686741a8e56ec42ab/tomli-2.2.1-cp313-cp313-manylinux_2_17_x86_64.manylinux2014_x86_64.whl", hash = "sha256:9316dc65bed1684c9a98ee68759ceaed29d229e985297003e494aa825ebb0281", size = 241691 },
    { url = "https://files.pythonhosted.org/packages/05/7e/2a110bc2713557d6a1bfb06af23dd01e7dde52b6ee7dadc589868f9abfac/tomli-2.2.1-cp313-cp313-manylinux_2_5_i686.manylinux1_i686.manylinux_2_17_i686.manylinux2014_i686.whl", hash = "sha256:e85e99945e688e32d5a35c1ff38ed0b3f41f43fad8df0bdf79f72b2ba7bc5272", size = 251170 },
    { url = "https://files.pythonhosted.org/packages/64/7b/22d713946efe00e0adbcdfd6d1aa119ae03fd0b60ebed51ebb3fa9f5a2e5/tomli-2.2.1-cp313-cp313-musllinux_1_2_aarch64.whl", hash = "sha256:ac065718db92ca818f8d6141b5f66369833d4a80a9d74435a268c52bdfa73140", size = 236530 },
    { url = "https://files.pythonhosted.org/packages/38/31/3a76f67da4b0cf37b742ca76beaf819dca0ebef26d78fc794a576e08accf/tomli-2.2.1-cp313-cp313-musllinux_1_2_i686.whl", hash = "sha256:d920f33822747519673ee656a4b6ac33e382eca9d331c87770faa3eef562aeb2", size = 258666 },
    { url = "https://files.pythonhosted.org/packages/07/10/5af1293da642aded87e8a988753945d0cf7e00a9452d3911dd3bb354c9e2/tomli-2.2.1-cp313-cp313-musllinux_1_2_x86_64.whl", hash = "sha256:a198f10c4d1b1375d7687bc25294306e551bf1abfa4eace6650070a5c1ae2744", size = 243954 },
    { url = "https://files.pythonhosted.org/packages/5b/b9/1ed31d167be802da0fc95020d04cd27b7d7065cc6fbefdd2f9186f60d7bd/tomli-2.2.1-cp313-cp313-win32.whl", hash = "sha256:d3f5614314d758649ab2ab3a62d4f2004c825922f9e370b29416484086b264ec", size = 98724 },
    { url = "https://files.pythonhosted.org/packages/c7/32/b0963458706accd9afcfeb867c0f9175a741bf7b19cd424230714d722198/tomli-2.2.1-cp313-cp313-win_amd64.whl", hash = "sha256:a38aa0308e754b0e3c67e344754dff64999ff9b513e691d0e786265c93583c69", size = 109383 },
    { url = "https://files.pythonhosted.org/packages/6e/c2/61d3e0f47e2b74ef40a68b9e6ad5984f6241a942f7cd3bbfbdbd03861ea9/tomli-2.2.1-py3-none-any.whl", hash = "sha256:cb55c73c5f4408779d0cf3eef9f762b9c9f147a77de7b258bef0a5628adc85cc", size = 14257 },
]

[[package]]
name = "typing-extensions"
version = "4.12.2"
source = { registry = "https://pypi.org/simple" }
sdist = { url = "https://files.pythonhosted.org/packages/df/db/f35a00659bc03fec321ba8bce9420de607a1d37f8342eee1863174c69557/typing_extensions-4.12.2.tar.gz", hash = "sha256:1a7ead55c7e559dd4dee8856e3a88b41225abfe1ce8df57b7c13915fe121ffb8", size = 85321 }
wheels = [
    { url = "https://files.pythonhosted.org/packages/26/9f/ad63fc0248c5379346306f8668cda6e2e2e9c95e01216d2b8ffd9ff037d0/typing_extensions-4.12.2-py3-none-any.whl", hash = "sha256:04e5ca0351e0f3f85c6853954072df659d0d13fac324d0072316b67d7794700d", size = 37438 },
]
